{
  "requires": true,
  "lockfileVersion": 1,
  "dependencies": {
    "nice-try": {
      "version": "2.0.0",
      "resolved": "https://registry.npmjs.org/nice-try/-/nice-try-2.0.0.tgz",
      "integrity": "sha512-/o4KoXbUkEjD2NDwvBCkSzEDOfMuHPmbzSD5Pp2Bb5U/69MnEvpc4YfW2Y1BJqJpcaam04+fR0kF8n5xm8b6MQ=="
    }
  }
}
